[{<<"cowboy">>,
  {git,"https://github.com/ninenines/cowboy",
       {ref,"238ac3afc661046fb554a8bbb62d2b9912023247"}},
  0},
 {<<"cowlib">>,
  {git,"https://github.com/ninenines/cowlib",
       {ref,"11e07d3c2b164d06ad35188d83ad70e7501396db"}},
  1},
 {<<"jiffy">>,
  {git,"https://github.com/davisp/jiffy",
       {ref,"06aaf440e091c9fd5f8aea557ac760a33bd37130"}},
  0},
 {<<"ranch">>,
  {git,"https://github.com/ninenines/ranch",
       {ref,"55c2a9d623454f372a15e99721a37093d8773b48"}},
  1}].
